{
  "pins" : [
    {
      "identity" : "swiftclient",
      "kind" : "remoteSourceControl",
      "location" : "https://github.com/TelemetryDeck/SwiftClient.git",
      "state" : {
        "revision" : "685264f05ed79b2557d4ffd127ed3fae6480e80f",
        "version" : "1.4.0"
      }
    }
  ],
  "version" : 2
}
