{
  "pins" : [
    {
      "identity" : "swiftclient",
      "kind" : "remoteSourceControl",
      "location" : "https://github.com/TelemetryDeck/SwiftClient.git",
      "state" : {
        "revision" : "cb34730027fcf560005aad57f2b53506064b228f",
        "version" : "1.4.3"
      }
    }
  ],
  "version" : 2
}
