// !$*UTF8*$!
{
	archiveVersion = 1;
	classes = {
	};
	objectVersion = 56;
	objects = {

/* Begin PBXBuildFile section */
		2BDB8BB72937586B0068F04A /* PizzaMakerApp.swift in Sources */ = {isa = PBXBuildFile; fileRef = 2BDB8BB62937586B0068F04A /* PizzaMakerApp.swift */; };
		2BDB8BB92937586B0068F04A /* ContentView.swift in Sources */ = {isa = PBXBuildFile; fileRef = 2BDB8BB82937586B0068F04A /* ContentView.swift */; };
		2BDB8BBB2937586C0068F04A /* Assets.xcassets in Resources */ = {isa = PBXBuildFile; fileRef = 2BDB8BBA2937586C0068F04A /* Assets.xcassets */; };
		2BDB8BBE2937586C0068F04A /* Preview Assets.xcassets in Resources */ = {isa = PBXBuildFile; fileRef = 2BDB8BBD2937586C0068F04A /* Preview Assets.xcassets */; };
		2BDB8BC5293759320068F04A /* Settings.swift in Sources */ = {isa = PBXBuildFile; fileRef = 2BDB8BC4293759320068F04A /* Settings.swift */; };
		2BDB8BC72937593E0068F04A /* DoughTimer.swift in Sources */ = {isa = PBXBuildFile; fileRef = 2BDB8BC62937593E0068F04A /* DoughTimer.swift */; };
		2BDB8BC9293759450068F04A /* BakingTimer.swift in Sources */ = {isa = PBXBuildFile; fileRef = 2BDB8BC8293759450068F04A /* BakingTimer.swift */; };
/* End PBXBuildFile section */

/* Begin PBXFileReference section */
		2BDB8BB32937586B0068F04A /* PizzaMaker.app */ = {isa = PBXFileReference; explicitFileType = wrapper.application; includeInIndex = 0; path = PizzaMaker.app; sourceTree = BUILT_PRODUCTS_DIR; };
		2BDB8BB62937586B0068F04A /* PizzaMakerApp.swift */ = {isa = PBXFileReference; lastKnownFileType = sourcecode.swift; path = PizzaMakerApp.swift; sourceTree = "<group>"; };
		2BDB8BB82937586B0068F04A /* ContentView.swift */ = {isa = PBXFileReference; lastKnownFileType = sourcecode.swift; path = ContentView.swift; sourceTree = "<group>"; };
		2BDB8BBA2937586C0068F04A /* Assets.xcassets */ = {isa = PBXFileReference; lastKnownFileType = folder.assetcatalog; path = Assets.xcassets; sourceTree = "<group>"; };
		2BDB8BBD2937586C0068F04A /* Preview Assets.xcassets */ = {isa = PBXFileReference; lastKnownFileType = folder.assetcatalog; path = "Preview Assets.xcassets"; sourceTree = "<group>"; };
		2BDB8BC4293759320068F04A /* Settings.swift */ = {isa = PBXFileReference; lastKnownFileType = sourcecode.swift; path = Settings.swift; sourceTree = "<group>"; };
		2BDB8BC62937593E0068F04A /* DoughTimer.swift */ = {isa = PBXFileReference; lastKnownFileType = sourcecode.swift; path = DoughTimer.swift; sourceTree = "<group>"; };
		2BDB8BC8293759450068F04A /* BakingTimer.swift */ = {isa = PBXFileReference; lastKnownFileType = sourcecode.swift; path = BakingTimer.swift; sourceTree = "<group>"; };
/* End PBXFileReference section */

/* Begin PBXFrameworksBuildPhase section */
		2BDB8BB02937586B0068F04A /* Frameworks */ = {
			isa = PBXFrameworksBuildPhase;
			buildActionMask = 2147483647;
			files = (
			);
			runOnlyForDeploymentPostprocessing = 0;
		};
/* End PBXFrameworksBuildPhase section */

/* Begin PBXGroup section */
		2BDB8BAA2937586B0068F04A = {
			isa = PBXGroup;
			children = (
				2BDB8BB52937586B0068F04A /* PizzaMaker */,
				2BDB8BB42937586B0068F04A /* Products */,
			);
			sourceTree = "<group>";
		};
		2BDB8BB42937586B0068F04A /* Products */ = {
			isa = PBXGroup;
			children = (
				2BDB8BB32937586B0068F04A /* PizzaMaker.app */,
			);
			name = Products;
			sourceTree = "<group>";
		};
		2BDB8BB52937586B0068F04A /* PizzaMaker */ = {
			isa = PBXGroup;
			children = (
				2BDB8BB62937586B0068F04A /* PizzaMakerApp.swift */,
				2BDB8BB82937586B0068F04A /* ContentView.swift */,
				2BDB8BC4293759320068F04A /* Settings.swift */,
				2BDB8BC62937593E0068F04A /* DoughTimer.swift */,
				2BDB8BC8293759450068F04A /* BakingTimer.swift */,
				2BDB8BBA2937586C0068F04A /* Assets.xcassets */,
				2BDB8BBC2937586C0068F04A /* Preview Content */,
			);
			path = PizzaMaker;
			sourceTree = "<group>";
		};
		2BDB8BBC2937586C0068F04A /* Preview Content */ = {
			isa = PBXGroup;
			children = (
				2BDB8BBD2937586C0068F04A /* Preview Assets.xcassets */,
			);
			path = "Preview Content";
			sourceTree = "<group>";
		};
/* End PBXGroup section */

/* Begin PBXNativeTarget section */
		2BDB8BB22937586B0068F04A /* PizzaMaker */ = {
			isa = PBXNativeTarget;
			buildConfigurationList = 2BDB8BC12937586C0068F04A /* Build configuration list for PBXNativeTarget "PizzaMaker" */;
			buildPhases = (
				2BDB8BAF2937586B0068F04A /* Sources */,
				2BDB8BB02937586B0068F04A /* Frameworks */,
				2BDB8BB12937586B0068F04A /* Resources */,
			);
			buildRules = (
			);
			dependencies = (
			);
			name = PizzaMaker;
			productName = PizzaMaker;
			productReference = 2BDB8BB32937586B0068F04A /* PizzaMaker.app */;
			productType = "com.apple.product-type.application";
		};
/* End PBXNativeTarget section */

/* Begin PBXProject section */
		2BDB8BAB2937586B0068F04A /* Project object */ = {
			isa = PBXProject;
			attributes = {
				BuildIndependentTargetsInParallel = 1;
				LastSwiftUpdateCheck = 1410;
				LastUpgradeCheck = 1410;
				TargetAttributes = {
					2BDB8BB22937586B0068F04A = {
						CreatedOnToolsVersion = 14.1;
					};
				};
			};
			buildConfigurationList = 2BDB8BAE2937586B0068F04A /* Build configuration list for PBXProject "PizzaMaker" */;
			compatibilityVersion = "Xcode 14.0";
			developmentRegion = en;
			hasScannedForEncodings = 0;
			knownRegions = (
				en,
				Base,
			);
			mainGroup = 2BDB8BAA2937586B0068F04A;
			productRefGroup = 2BDB8BB42937586B0068F04A /* Products */;
			projectDirPath = "";
			projectRoot = "";
			targets = (
				2BDB8BB22937586B0068F04A /* PizzaMaker */,
			);
		};
/* End PBXProject section */

/* Begin PBXResourcesBuildPhase section */
		2BDB8BB12937586B0068F04A /* Resources */ = {
			isa = PBXResourcesBuildPhase;
			buildActionMask = 2147483647;
			files = (
				2BDB8BBE2937586C0068F04A /* Preview Assets.xcassets in Resources */,
				2BDB8BBB2937586C0068F04A /* Assets.xcassets in Resources */,
			);
			runOnlyForDeploymentPostprocessing = 0;
		};
/* End PBXResourcesBuildPhase section */

/* Begin PBXSourcesBuildPhase section */
		2BDB8BAF2937586B0068F04A /* Sources */ = {
			isa = PBXSourcesBuildPhase;
			buildActionMask = 2147483647;
			files = (
				2BDB8BC5293759320068F04A /* Settings.swift in Sources */,
				2BDB8BB92937586B0068F04A /* ContentView.swift in Sources */,
				2BDB8BC9293759450068F04A /* BakingTimer.swift in Sources */,
				2BDB8BB72937586B0068F04A /* PizzaMakerApp.swift in Sources */,
				2BDB8BC72937593E0068F04A /* DoughTimer.swift in Sources */,
			);
			runOnlyForDeploymentPostprocessing = 0;
		};
/* End PBXSourcesBuildPhase section */

/* Begin XCBuildConfiguration section */
		2BDB8BBF2937586C0068F04A /* Debug */ = {
			isa = XCBuildConfiguration;
			buildSettings = {
				ALWAYS_SEARCH_USER_PATHS = NO;
				CLANG_ANALYZER_NONNULL = YES;
				CLANG_ANALYZER_NUMBER_OBJECT_CONVERSION = YES_AGGRESSIVE;
				CLANG_CXX_LANGUAGE_STANDARD = "gnu++20";
				CLANG_ENABLE_MODULES = YES;
				CLANG_ENABLE_OBJC_ARC = YES;
				CLANG_ENABLE_OBJC_WEAK = YES;
				CLANG_WARN_BLOCK_CAPTURE_AUTORELEASING = YES;
				CLANG_WARN_BOOL_CONVERSION = YES;
				CLANG_WARN_COMMA = YES;
				CLANG_WARN_CONSTANT_CONVERSION = YES;
				CLANG_WARN_DEPRECATED_OBJC_IMPLEMENTATIONS = YES;
				CLANG_WARN_DIRECT_OBJC_ISA_USAGE = YES_ERROR;
				CLANG_WARN_DOCUMENTATION_COMMENTS = YES;
				CLANG_WARN_EMPTY_BODY = YES;
				CLANG_WARN_ENUM_CONVERSION = YES;
				CLANG_WARN_INFINITE_RECURSION = YES;
				CLANG_WARN_INT_CONVERSION = YES;
				CLANG_WARN_NON_LITERAL_NULL_CONVERSION = YES;
				CLANG_WARN_OBJC_IMPLICIT_RETAIN_SELF = YES;
				CLANG_WARN_OBJC_LITERAL_CONVERSION = YES;
				CLANG_WARN_OBJC_ROOT_CLASS = YES_ERROR;
				CLANG_WARN_QUOTED_INCLUDE_IN_FRAMEWORK_HEADER = YES;
				CLANG_WARN_RANGE_LOOP_ANALYSIS = YES;
				CLANG_WARN_STRICT_PROTOTYPES = YES;
				CLANG_WARN_SUSPICIOUS_MOVE = YES;
				CLANG_WARN_UNGUARDED_AVAILABILITY = YES_AGGRESSIVE;
				CLANG_WARN_UNREACHABLE_CODE = YES;
				CLANG_WARN__DUPLICATE_METHOD_MATCH = YES;
				COPY_PHASE_STRIP = NO;
				DEBUG_INFORMATION_FORMAT = dwarf;
				ENABLE_STRICT_OBJC_MSGSEND = YES;
				ENABLE_TESTABILITY = YES;
				GCC_C_LANGUAGE_STANDARD = gnu11;
				GCC_DYNAMIC_NO_PIC = NO;
				GCC_NO_COMMON_BLOCKS = YES;
				GCC_OPTIMIZATION_LEVEL = 0;
				GCC_PREPROCESSOR_DEFINITIONS = (
					"DEBUG=1",
					"$(inherited)",
				);
				GCC_WARN_64_TO_32_BIT_CONVERSION = YES;
				GCC_WARN_ABOUT_RETURN_TYPE = YES_ERROR;
				GCC_WARN_UNDECLARED_SELECTOR = YES;
				GCC_WARN_UNINITIALIZED_AUTOS = YES_AGGRESSIVE;
				GCC_WARN_UNUSED_FUNCTION = YES;
				GCC_WARN_UNUSED_VARIABLE = YES;
				IPHONEOS_DEPLOYMENT_TARGET = 16.1;
				MTL_ENABLE_DEBUG_INFO = INCLUDE_SOURCE;
				MTL_FAST_MATH = YES;
				ONLY_ACTIVE_ARCH = YES;
				SDKROOT = iphoneos;
				SWIFT_ACTIVE_COMPILATION_CONDITIONS = DEBUG;
				SWIFT_OPTIMIZATION_LEVEL = "-Onone";
			};
			name = Debug;
		};
		2BDB8BC02937586C0068F04A /* Release */ = {
			isa = XCBuildConfiguration;
			buildSettings = {
				ALWAYS_SEARCH_USER_PATHS = NO;
				CLANG_ANALYZER_NONNULL = YES;
				CLANG_ANALYZER_NUMBER_OBJECT_CONVERSION = YES_AGGRESSIVE;
				CLANG_CXX_LANGUAGE_STANDARD = "gnu++20";
				CLANG_ENABLE_MODULES = YES;
				CLANG_ENABLE_OBJC_ARC = YES;
				CLANG_ENABLE_OBJC_WEAK = YES;
				CLANG_WARN_BLOCK_CAPTURE_AUTORELEASING = YES;
				CLANG_WARN_BOOL_CONVERSION = YES;
				CLANG_WARN_COMMA = YES;
				CLANG_WARN_CONSTANT_CONVERSION = YES;
				CLANG_WARN_DEPRECATED_OBJC_IMPLEMENTATIONS = YES;
				CLANG_WARN_DIRECT_OBJC_ISA_USAGE = YES_ERROR;
				CLANG_WARN_DOCUMENTATION_COMMENTS = YES;
				CLANG_WARN_EMPTY_BODY = YES;
				CLANG_WARN_ENUM_CONVERSION = YES;
				CLANG_WARN_INFINITE_RECURSION = YES;
				CLANG_WARN_INT_CONVERSION = YES;
				CLANG_WARN_NON_LITERAL_NULL_CONVERSION = YES;
				CLANG_WARN_OBJC_IMPLICIT_RETAIN_SELF = YES;
				CLANG_WARN_OBJC_LITERAL_CONVERSION = YES;
				CLANG_WARN_OBJC_ROOT_CLASS = YES_ERROR;
				CLANG_WARN_QUOTED_INCLUDE_IN_FRAMEWORK_HEADER = YES;
				CLANG_WARN_RANGE_LOOP_ANALYSIS = YES;
				CLANG_WARN_STRICT_PROTOTYPES = YES;
				CLANG_WARN_SUSPICIOUS_MOVE = YES;
				CLANG_WARN_UNGUARDED_AVAILABILITY = YES_AGGRESSIVE;
				CLANG_WARN_UNREACHABLE_CODE = YES;
				CLANG_WARN__DUPLICATE_METHOD_MATCH = YES;
				COPY_PHASE_STRIP = NO;
				DEBUG_INFORMATION_FORMAT = "dwarf-with-dsym";
				ENABLE_NS_ASSERTIONS = NO;
				ENABLE_STRICT_OBJC_MSGSEND = YES;
				GCC_C_LANGUAGE_STANDARD = gnu11;
				GCC_NO_COMMON_BLOCKS = YES;
				GCC_WARN_64_TO_32_BIT_CONVERSION = YES;
				GCC_WARN_ABOUT_RETURN_TYPE = YES_ERROR;
				GCC_WARN_UNDECLARED_SELECTOR = YES;
				GCC_WARN_UNINITIALIZED_AUTOS = YES_AGGRESSIVE;
				GCC_WARN_UNUSED_FUNCTION = YES;
				GCC_WARN_UNUSED_VARIABLE = YES;
				IPHONEOS_DEPLOYMENT_TARGET = 16.1;
				MTL_ENABLE_DEBUG_INFO = NO;
				MTL_FAST_MATH = YES;
				SDKROOT = iphoneos;
				SWIFT_COMPILATION_MODE = wholemodule;
				SWIFT_OPTIMIZATION_LEVEL = "-O";
				VALIDATE_PRODUCT = YES;
			};
			name = Release;
		};
		2BDB8BC22937586C0068F04A /* Debug */ = {
			isa = XCBuildConfiguration;
			buildSettings = {
				ASSETCATALOG_COMPILER_APPICON_NAME = AppIcon;
				ASSETCATALOG_COMPILER_GLOBAL_ACCENT_COLOR_NAME = AccentColor;
				CODE_SIGN_STYLE = Automatic;
				CURRENT_PROJECT_VERSION = 1;
				DEVELOPMENT_ASSET_PATHS = "\"PizzaMaker/Preview Content\"";
				ENABLE_PREVIEWS = YES;
				GENERATE_INFOPLIST_FILE = YES;
				INFOPLIST_KEY_UIApplicationSceneManifest_Generation = YES;
				INFOPLIST_KEY_UIApplicationSupportsIndirectInputEvents = YES;
				INFOPLIST_KEY_UILaunchScreen_Generation = YES;
				INFOPLIST_KEY_UISupportedInterfaceOrientations_iPad = "UIInterfaceOrientationPortrait UIInterfaceOrientationPortraitUpsideDown UIInterfaceOrientationLandscapeLeft UIInterfaceOrientationLandscapeRight";
				INFOPLIST_KEY_UISupportedInterfaceOrientations_iPhone = "UIInterfaceOrientationPortrait UIInterfaceOrientationLandscapeLeft UIInterfaceOrientationLandscapeRight";
				LD_RUNPATH_SEARCH_PATHS = (
					"$(inherited)",
					"@executable_path/Frameworks",
				);
				MARKETING_VERSION = 1.0;
				PRODUCT_BUNDLE_IDENTIFIER = com.telemetrydeck.PizzaMaker;
				PRODUCT_NAME = "$(TARGET_NAME)";
				SWIFT_EMIT_LOC_STRINGS = YES;
				SWIFT_VERSION = 5.0;
				TARGETED_DEVICE_FAMILY = "1,2";
			};
			name = Debug;
		};
		2BDB8BC32937586C0068F04A /* Release */ = {
			isa = XCBuildConfiguration;
			buildSettings = {
				ASSETCATALOG_COMPILER_APPICON_NAME = AppIcon;
				ASSETCATALOG_COMPILER_GLOBAL_ACCENT_COLOR_NAME = AccentColor;
				CODE_SIGN_STYLE = Automatic;
				CURRENT_PROJECT_VERSION = 1;
				DEVELOPMENT_ASSET_PATHS = "\"PizzaMaker/Preview Content\"";
				ENABLE_PREVIEWS = YES;
				GENERATE_INFOPLIST_FILE = YES;
				INFOPLIST_KEY_UIApplicationSceneManifest_Generation = YES;
				INFOPLIST_KEY_UIApplicationSupportsIndirectInputEvents = YES;
				INFOPLIST_KEY_UILaunchScreen_Generation = YES;
				INFOPLIST_KEY_UISupportedInterfaceOrientations_iPad = "UIInterfaceOrientationPortrait UIInterfaceOrientationPortraitUpsideDown UIInterfaceOrientationLandscapeLeft UIInterfaceOrientationLandscapeRight";
				INFOPLIST_KEY_UISupportedInterfaceOrientations_iPhone = "UIInterfaceOrientationPortrait UIInterfaceOrientationLandscapeLeft UIInterfaceOrientationLandscapeRight";
				LD_RUNPATH_SEARCH_PATHS = (
					"$(inherited)",
					"@executable_path/Frameworks",
				);
				MARKETING_VERSION = 1.0;
				PRODUCT_BUNDLE_IDENTIFIER = com.telemetrydeck.PizzaMaker;
				PRODUCT_NAME = "$(TARGET_NAME)";
				SWIFT_EMIT_LOC_STRINGS = YES;
				SWIFT_VERSION = 5.0;
				TARGETED_DEVICE_FAMILY = "1,2";
			};
			name = Release;
		};
/* End XCBuildConfiguration section */

/* Begin XCConfigurationList section */
		2BDB8BAE2937586B0068F04A /* Build configuration list for PBXProject "PizzaMaker" */ = {
			isa = XCConfigurationList;
			buildConfigurations = (
				2BDB8BBF2937586C0068F04A /* Debug */,
				2BDB8BC02937586C0068F04A /* Release */,
			);
			defaultConfigurationIsVisible = 0;
			defaultConfigurationName = Release;
		};
		2BDB8BC12937586C0068F04A /* Build configuration list for PBXNativeTarget "PizzaMaker" */ = {
			isa = XCConfigurationList;
			buildConfigurations = (
				2BDB8BC22937586C0068F04A /* Debug */,
				2BDB8BC32937586C0068F04A /* Release */,
			);
			defaultConfigurationIsVisible = 0;
			defaultConfigurationName = Release;
		};
/* End XCConfigurationList section */
	};
	rootObject = 2BDB8BAB2937586B0068F04A /* Project object */;
}
